// !$*UTF8*$!
{
	archiveVersion = 1;
	classes = {
	};
	objectVersion = 46;
	objects = {

/* Begin PBXBuildFile section */
		87147E581A859F6000AB4977 /* main.m in Sources */ = {isa = PBXBuildFile; fileRef = 87147E571A859F6000AB4977 /* main.m */; };
		87147E5B1A859F6000AB4977 /* AppDelegate.m in Sources */ = {isa = PBXBuildFile; fileRef = 87147E5A1A859F6000AB4977 /* AppDelegate.m */; };
		87147E5E1A859F6000AB4977 /* PontoFacil.xcdatamodeld in Sources */ = {isa = PBXBuildFile; fileRef = 87147E5C1A859F6000AB4977 /* PontoFacil.xcdatamodeld */; };
		87147E611A859F6000AB4977 /* ViewController.m in Sources */ = {isa = PBXBuildFile; fileRef = 87147E601A859F6000AB4977 /* ViewController.m */; };
		87147E641A859F6000AB4977 /* Main.storyboard in Resources */ = {isa = PBXBuildFile; fileRef = 87147E621A859F6000AB4977 /* Main.storyboard */; };
		87147E661A859F6000AB4977 /* Images.xcassets in Resources */ = {isa = PBXBuildFile; fileRef = 87147E651A859F6000AB4977 /* Images.xcassets */; };
		87147E691A859F6000AB4977 /* LaunchScreen.xib in Resources */ = {isa = PBXBuildFile; fileRef = 87147E671A859F6000AB4977 /* LaunchScreen.xib */; };
		87147E751A859F6100AB4977 /* PontoFacilTests.m in Sources */ = {isa = PBXBuildFile; fileRef = 87147E741A859F6100AB4977 /* PontoFacilTests.m */; };
/* End PBXBuildFile section */

/* Begin PBXContainerItemProxy section */
		87147E6F1A859F6100AB4977 /* PBXContainerItemProxy */ = {
			isa = PBXContainerItemProxy;
			containerPortal = 87147E4A1A859F6000AB4977 /* Project object */;
			proxyType = 1;
			remoteGlobalIDString = 87147E511A859F6000AB4977;
			remoteInfo = PontoFacil;
		};
/* End PBXContainerItemProxy section */

/* Begin PBXFileReference section */
		87147E521A859F6000AB4977 /* PontoFacil.app */ = {isa = PBXFileReference; explicitFileType = wrapper.application; includeInIndex = 0; path = PontoFacil.app; sourceTree = BUILT_PRODUCTS_DIR; };
		87147E561A859F6000AB4977 /* Info.plist */ = {isa = PBXFileReference; lastKnownFileType = text.plist.xml; path = Info.plist; sourceTree = "<group>"; };
		87147E571A859F6000AB4977 /* main.m */ = {isa = PBXFileReference; lastKnownFileType = sourcecode.c.objc; path = main.m; sourceTree = "<group>"; };
		87147E591A859F6000AB4977 /* AppDelegate.h */ = {isa = PBXFileReference; lastKnownFileType = sourcecode.c.h; path = AppDelegate.h; sourceTree = "<group>"; };
		87147E5A1A859F6000AB4977 /* AppDelegate.m */ = {isa = PBXFileReference; lastKnownFileType = sourcecode.c.objc; path = AppDelegate.m; sourceTree = "<group>"; };
		87147E5D1A859F6000AB4977 /* PontoFacil.xcdatamodel */ = {isa = PBXFileReference; lastKnownFileType = wrapper.xcdatamodel; path = PontoFacil.xcdatamodel; sourceTree = "<group>"; };
		87147E5F1A859F6000AB4977 /* ViewController.h */ = {isa = PBXFileReference; lastKnownFileType = sourcecode.c.h; path = ViewController.h; sourceTree = "<group>"; };
		87147E601A859F6000AB4977 /* ViewController.m */ = {isa = PBXFileReference; lastKnownFileType = sourcecode.c.objc; path = ViewController.m; sourceTree = "<group>"; };
		87147E631A859F6000AB4977 /* Base */ = {isa = PBXFileReference; lastKnownFileType = file.storyboard; name = Base; path = Base.lproj/Main.storyboard; sourceTree = "<group>"; };
		87147E651A859F6000AB4977 /* Images.xcassets */ = {isa = PBXFileReference; lastKnownFileType = folder.assetcatalog; path = Images.xcassets; sourceTree = "<group>"; };
		87147E681A859F6000AB4977 /* Base */ = {isa = PBXFileReference; lastKnownFileType = file.xib; name = Base; path = Base.lproj/LaunchScreen.xib; sourceTree = "<group>"; };
		87147E6E1A859F6100AB4977 /* PontoFacilTests.xctest */ = {isa = PBXFileReference; explicitFileType = wrapper.cfbundle; includeInIndex = 0; path = PontoFacilTests.xctest; sourceTree = BUILT_PRODUCTS_DIR; };
		87147E731A859F6100AB4977 /* Info.plist */ = {isa = PBXFileReference; lastKnownFileType = text.plist.xml; path = Info.plist; sourceTree = "<group>"; };
		87147E741A859F6100AB4977 /* PontoFacilTests.m */ = {isa = PBXFileReference; lastKnownFileType = sourcecode.c.objc; path = PontoFacilTests.m; sourceTree = "<group>"; };
/* End PBXFileReference section */

/* Begin PBXFrameworksBuildPhase section */
		87147E4F1A859F6000AB4977 /* Frameworks */ = {
			isa = PBXFrameworksBuildPhase;
			buildActionMask = 2147483647;
			files = (
			);
			runOnlyForDeploymentPostprocessing = 0;
		};
		87147E6B1A859F6100AB4977 /* Frameworks */ = {
			isa = PBXFrameworksBuildPhase;
			buildActionMask = 2147483647;
			files = (
			);
			runOnlyForDeploymentPostprocessing = 0;
		};
/* End PBXFrameworksBuildPhase section */

/* Begin PBXGroup section */
		87147E491A859F6000AB4977 = {
			isa = PBXGroup;
			children = (
				87147E541A859F6000AB4977 /* PontoFacil */,
				87147E711A859F6100AB4977 /* PontoFacilTests */,
				87147E531A859F6000AB4977 /* Products */,
			);
			sourceTree = "<group>";
		};
		87147E531A859F6000AB4977 /* Products */ = {
			isa = PBXGroup;
			children = (
				87147E521A859F6000AB4977 /* PontoFacil.app */,
				87147E6E1A859F6100AB4977 /* PontoFacilTests.xctest */,
			);
			name = Products;
			sourceTree = "<group>";
		};
		87147E541A859F6000AB4977 /* PontoFacil */ = {
			isa = PBXGroup;
			children = (
				87147E591A859F6000AB4977 /* AppDelegate.h */,
				87147E5A1A859F6000AB4977 /* AppDelegate.m */,
				87147E5F1A859F6000AB4977 /* ViewController.h */,
				87147E601A859F6000AB4977 /* ViewController.m */,
				87147E621A859F6000AB4977 /* Main.storyboard */,
				87147E651A859F6000AB4977 /* Images.xcassets */,
				87147E671A859F6000AB4977 /* LaunchScreen.xib */,
				87147E5C1A859F6000AB4977 /* PontoFacil.xcdatamodeld */,
				87147E551A859F6000AB4977 /* Supporting Files */,
			);
			path = PontoFacil;
			sourceTree = "<group>";
		};
		87147E551A859F6000AB4977 /* Supporting Files */ = {
			isa = PBXGroup;
			children = (
				87147E561A859F6000AB4977 /* Info.plist */,
				87147E571A859F6000AB4977 /* main.m */,
			);
			name = "Supporting Files";
			sourceTree = "<group>";
		};
		87147E711A859F6100AB4977 /* PontoFacilTests */ = {
			isa = PBXGroup;
			children = (
				87147E741A859F6100AB4977 /* PontoFacilTests.m */,
				87147E721A859F6100AB4977 /* Supporting Files */,
			);
			path = PontoFacilTests;
			sourceTree = "<group>";
		};
		87147E721A859F6100AB4977 /* Supporting Files */ = {
			isa = PBXGroup;
			children = (
				87147E731A859F6100AB4977 /* Info.plist */,
			);
			name = "Supporting Files";
			sourceTree = "<group>";
		};
/* End PBXGroup section */

/* Begin PBXNativeTarget section */
		87147E511A859F6000AB4977 /* PontoFacil */ = {
			isa = PBXNativeTarget;
			buildConfigurationList = 87147E781A859F6100AB4977 /* Build configuration list for PBXNativeTarget "PontoFacil" */;
			buildPhases = (
				87147E4E1A859F6000AB4977 /* Sources */,
				87147E4F1A859F6000AB4977 /* Frameworks */,
				87147E501A859F6000AB4977 /* Resources */,
			);
			buildRules = (
			);
			dependencies = (
			);
			name = PontoFacil;
			productName = PontoFacil;
			productReference = 87147E521A859F6000AB4977 /* PontoFacil.app */;
			productType = "com.apple.product-type.application";
		};
		87147E6D1A859F6100AB4977 /* PontoFacilTests */ = {
			isa = PBXNativeTarget;
			buildConfigurationList = 87147E7B1A859F6100AB4977 /* Build configuration list for PBXNativeTarget "PontoFacilTests" */;
			buildPhases = (
				87147E6A1A859F6100AB4977 /* Sources */,
				87147E6B1A859F6100AB4977 /* Frameworks */,
				87147E6C1A859F6100AB4977 /* Resources */,
			);
			buildRules = (
			);
			dependencies = (
				87147E701A859F6100AB4977 /* PBXTargetDependency */,
			);
			name = PontoFacilTests;
			productName = PontoFacilTests;
			productReference = 87147E6E1A859F6100AB4977 /* PontoFacilTests.xctest */;
			productType = "com.apple.product-type.bundle.unit-test";
		};
/* End PBXNativeTarget section */

/* Begin PBXProject section */
		87147E4A1A859F6000AB4977 /* Project object */ = {
			isa = PBXProject;
			attributes = {
				LastUpgradeCheck = 0610;
				ORGANIZATIONNAME = Mobistart;
				TargetAttributes = {
					87147E511A859F6000AB4977 = {
						CreatedOnToolsVersion = 6.1.1;
					};
					87147E6D1A859F6100AB4977 = {
						CreatedOnToolsVersion = 6.1.1;
						TestTargetID = 87147E511A859F6000AB4977;
					};
				};
			};
			buildConfigurationList = 87147E4D1A859F6000AB4977 /* Build configuration list for PBXProject "PontoFacil" */;
			compatibilityVersion = "Xcode 3.2";
			developmentRegion = English;
			hasScannedForEncodings = 0;
			knownRegions = (
				en,
				Base,
			);
			mainGroup = 87147E491A859F6000AB4977;
			productRefGroup = 87147E531A859F6000AB4977 /* Products */;
			projectDirPath = "";
			projectRoot = "";
			targets = (
				87147E511A859F6000AB4977 /* PontoFacil */,
				87147E6D1A859F6100AB4977 /* PontoFacilTests */,
			);
		};
/* End PBXProject section */

/* Begin PBXResourcesBuildPhase section */
		87147E501A859F6000AB4977 /* Resources */ = {
			isa = PBXResourcesBuildPhase;
			buildActionMask = 2147483647;
			files = (
				87147E641A859F6000AB4977 /* Main.storyboard in Resources */,
				87147E691A859F6000AB4977 /* LaunchScreen.xib in Resources */,
				87147E661A859F6000AB4977 /* Images.xcassets in Resources */,
			);
			runOnlyForDeploymentPostprocessing = 0;
		};
		87147E6C1A859F6100AB4977 /* Resources */ = {
			isa = PBXResourcesBuildPhase;
			buildActionMask = 2147483647;
			files = (
			);
			runOnlyForDeploymentPostprocessing = 0;
		};
/* End PBXResourcesBuildPhase section */

/* Begin PBXSourcesBuildPhase section */
		87147E4E1A859F6000AB4977 /* Sources */ = {
			isa = PBXSourcesBuildPhase;
			buildActionMask = 2147483647;
			files = (
				87147E5B1A859F6000AB4977 /* AppDelegate.m in Sources */,
				87147E581A859F6000AB4977 /* main.m in Sources */,
				87147E611A859F6000AB4977 /* ViewController.m in Sources */,
				87147E5E1A859F6000AB4977 /* PontoFacil.xcdatamodeld in Sources */,
			);
			runOnlyForDeploymentPostprocessing = 0;
		};
		87147E6A1A859F6100AB4977 /* Sources */ = {
			isa = PBXSourcesBuildPhase;
			buildActionMask = 2147483647;
			files = (
				87147E751A859F6100AB4977 /* PontoFacilTests.m in Sources */,
			);
			runOnlyForDeploymentPostprocessing = 0;
		};
/* End PBXSourcesBuildPhase section */

/* Begin PBXTargetDependency section */
		87147E701A859F6100AB4977 /* PBXTargetDependency */ = {
			isa = PBXTargetDependency;
			target = 87147E511A859F6000AB4977 /* PontoFacil */;
			targetProxy = 87147E6F1A859F6100AB4977 /* PBXContainerItemProxy */;
		};
/* End PBXTargetDependency section */

/* Begin PBXVariantGroup section */
		87147E621A859F6000AB4977 /* Main.storyboard */ = {
			isa = PBXVariantGroup;
			children = (
				87147E631A859F6000AB4977 /* Base */,
			);
			name = Main.storyboard;
			sourceTree = "<group>";
		};
		87147E671A859F6000AB4977 /* LaunchScreen.xib */ = {
			isa = PBXVariantGroup;
			children = (
				87147E681A859F6000AB4977 /* Base */,
			);
			name = LaunchScreen.xib;
			sourceTree = "<group>";
		};
/* End PBXVariantGroup section */

/* Begin XCBuildConfiguration section */
		87147E761A859F6100AB4977 /* Debug */ = {
			isa = XCBuildConfiguration;
			buildSettings = {
				ALWAYS_SEARCH_USER_PATHS = NO;
				CLANG_CXX_LANGUAGE_STANDARD = "gnu++0x";
				CLANG_CXX_LIBRARY = "libc++";
				CLANG_ENABLE_MODULES = YES;
				CLANG_ENABLE_OBJC_ARC = YES;
				CLANG_WARN_BOOL_CONVERSION = YES;
				CLANG_WARN_CONSTANT_CONVERSION = YES;
				CLANG_WARN_DIRECT_OBJC_ISA_USAGE = YES_ERROR;
				CLANG_WARN_EMPTY_BODY = YES;
				CLANG_WARN_ENUM_CONVERSION = YES;
				CLANG_WARN_INT_CONVERSION = YES;
				CLANG_WARN_OBJC_ROOT_CLASS = YES_ERROR;
				CLANG_WARN_UNREACHABLE_CODE = YES;
				CLANG_WARN__DUPLICATE_METHOD_MATCH = YES;
				"CODE_SIGN_IDENTITY[sdk=iphoneos*]" = "iPhone Developer";
				COPY_PHASE_STRIP = NO;
				ENABLE_STRICT_OBJC_MSGSEND = YES;
				GCC_C_LANGUAGE_STANDARD = gnu99;
				GCC_DYNAMIC_NO_PIC = NO;
				GCC_OPTIMIZATION_LEVEL = 0;
				GCC_PREPROCESSOR_DEFINITIONS = (
					"DEBUG=1",
					"$(inherited)",
				);
				GCC_SYMBOLS_PRIVATE_EXTERN = NO;
				GCC_WARN_64_TO_32_BIT_CONVERSION = YES;
				GCC_WARN_ABOUT_RETURN_TYPE = YES_ERROR;
				GCC_WARN_UNDECLARED_SELECTOR = YES;
				GCC_WARN_UNINITIALIZED_AUTOS = YES_AGGRESSIVE;
				GCC_WARN_UNUSED_FUNCTION = YES;
				GCC_WARN_UNUSED_VARIABLE = YES;
				IPHONEOS_DEPLOYMENT_TARGET = 8.1;
				MTL_ENABLE_DEBUG_INFO = YES;
				ONLY_ACTIVE_ARCH = YES;
				SDKROOT = iphoneos;
				TARGETED_DEVICE_FAMILY = "1,2";
			};
			name = Debug;
		};
		87147E771A859F6100AB4977 /* Release */ = {
			isa = XCBuildConfiguration;
			buildSettings = {
				ALWAYS_SEARCH_USER_PATHS = NO;
				CLANG_CXX_LANGUAGE_STANDARD = "gnu++0x";
				CLANG_CXX_LIBRARY = "libc++";
				CLANG_ENABLE_MODULES = YES;
				CLANG_ENABLE_OBJC_ARC = YES;
				CLANG_WARN_BOOL_CONVERSION = YES;
				CLANG_WARN_CONSTANT_CONVERSION = YES;
				CLANG_WARN_DIRECT_OBJC_ISA_USAGE = YES_ERROR;
				CLANG_WARN_EMPTY_BODY = YES;
				CLANG_WARN_ENUM_CONVERSION = YES;
				CLANG_WARN_INT_CONVERSION = YES;
				CLANG_WARN_OBJC_ROOT_CLASS = YES_ERROR;
				CLANG_WARN_UNREACHABLE_CODE = YES;
				CLANG_WARN__DUPLICATE_METHOD_MATCH = YES;
				"CODE_SIGN_IDENTITY[sdk=iphoneos*]" = "iPhone Developer";
				COPY_PHASE_STRIP = YES;
				ENABLE_NS_ASSERTIONS = NO;
				ENABLE_STRICT_OBJC_MSGSEND = YES;
				GCC_C_LANGUAGE_STANDARD = gnu99;
				GCC_WARN_64_TO_32_BIT_CONVERSION = YES;
				GCC_WARN_ABOUT_RETURN_TYPE = YES_ERROR;
				GCC_WARN_UNDECLARED_SELECTOR = YES;
				GCC_WARN_UNINITIALIZED_AUTOS = YES_AGGRESSIVE;
				GCC_WARN_UNUSED_FUNCTION = YES;
				GCC_WARN_UNUSED_VARIABLE = YES;
				IPHONEOS_DEPLOYMENT_TARGET = 8.1;
				MTL_ENABLE_DEBUG_INFO = NO;
				SDKROOT = iphoneos;
				TARGETED_DEVICE_FAMILY = "1,2";
				VALIDATE_PRODUCT = YES;
			};
			name = Release;
		};
		87147E791A859F6100AB4977 /* Debug */ = {
			isa = XCBuildConfiguration;
			buildSettings = {
				ASSETCATALOG_COMPILER_APPICON_NAME = AppIcon;
				INFOPLIST_FILE = PontoFacil/Info.plist;
				LD_RUNPATH_SEARCH_PATHS = "$(inherited) @executable_path/Frameworks";
				PRODUCT_NAME = "$(TARGET_NAME)";
			};
			name = Debug;
		};
		87147E7A1A859F6100AB4977 /* Release */ = {
			isa = XCBuildConfiguration;
			buildSettings = {
				ASSETCATALOG_COMPILER_APPICON_NAME = AppIcon;
				INFOPLIST_FILE = PontoFacil/Info.plist;
				LD_RUNPATH_SEARCH_PATHS = "$(inherited) @executable_path/Frameworks";
				PRODUCT_NAME = "$(TARGET_NAME)";
			};
			name = Release;
		};
		87147E7C1A859F6100AB4977 /* Debug */ = {
			isa = XCBuildConfiguration;
			buildSettings = {
				BUNDLE_LOADER = "$(TEST_HOST)";
				FRAMEWORK_SEARCH_PATHS = (
					"$(SDKROOT)/Developer/Library/Frameworks",
					"$(inherited)",
				);
				GCC_PREPROCESSOR_DEFINITIONS = (
					"DEBUG=1",
					"$(inherited)",
				);
				INFOPLIST_FILE = PontoFacilTests/Info.plist;
				LD_RUNPATH_SEARCH_PATHS = "$(inherited) @executable_path/Frameworks @loader_path/Frameworks";
				PRODUCT_NAME = "$(TARGET_NAME)";
				TEST_HOST = "$(BUILT_PRODUCTS_DIR)/PontoFacil.app/PontoFacil";
			};
			name = Debug;
		};
		87147E7D1A859F6100AB4977 /* Release */ = {
			isa = XCBuildConfiguration;
			buildSettings = {
				BUNDLE_LOADER = "$(TEST_HOST)";
				FRAMEWORK_SEARCH_PATHS = (
					"$(SDKROOT)/Developer/Library/Frameworks",
					"$(inherited)",
				);
				INFOPLIST_FILE = PontoFacilTests/Info.plist;
				LD_RUNPATH_SEARCH_PATHS = "$(inherited) @executable_path/Frameworks @loader_path/Frameworks";
				PRODUCT_NAME = "$(TARGET_NAME)";
				TEST_HOST = "$(BUILT_PRODUCTS_DIR)/PontoFacil.app/PontoFacil";
			};
			name = Release;
		};
/* End XCBuildConfiguration section */

/* Begin XCConfigurationList section */
		87147E4D1A859F6000AB4977 /* Build configuration list for PBXProject "PontoFacil" */ = {
			isa = XCConfigurationList;
			buildConfigurations = (
				87147E761A859F6100AB4977 /* Debug */,
				87147E771A859F6100AB4977 /* Release */,
			);
			defaultConfigurationIsVisible = 0;
			defaultConfigurationName = Release;
		};
		87147E781A859F6100AB4977 /* Build configuration list for PBXNativeTarget "PontoFacil" */ = {
			isa = XCConfigurationList;
			buildConfigurations = (
				87147E791A859F6100AB4977 /* Debug */,
				87147E7A1A859F6100AB4977 /* Release */,
			);
			defaultConfigurationIsVisible = 0;
		};
		87147E7B1A859F6100AB4977 /* Build configuration list for PBXNativeTarget "PontoFacilTests" */ = {
			isa = XCConfigurationList;
			buildConfigurations = (
				87147E7C1A859F6100AB4977 /* Debug */,
				87147E7D1A859F6100AB4977 /* Release */,
			);
			defaultConfigurationIsVisible = 0;
		};
/* End XCConfigurationList section */

/* Begin XCVersionGroup section */
		87147E5C1A859F6000AB4977 /* PontoFacil.xcdatamodeld */ = {
			isa = XCVersionGroup;
			children = (
				87147E5D1A859F6000AB4977 /* PontoFacil.xcdatamodel */,
			);
			currentVersion = 87147E5D1A859F6000AB4977 /* PontoFacil.xcdatamodel */;
			path = PontoFacil.xcdatamodeld;
			sourceTree = "<group>";
			versionGroupType = wrapper.xcdatamodel;
		};
/* End XCVersionGroup section */
	};
	rootObject = 87147E4A1A859F6000AB4977 /* Project object */;
}
