// !$*UTF8*$!
{
	archiveVersion = 1;
	classes = {
	};
	objectVersion = 46;
	objects = {

/* Begin PBXBuildFile section */
		87147E581A859F6000AB4977 /* main.m in Sources */ = {isa = PBXBuildFile; fileRef = 87147E571A859F6000AB4977 /* main.m */; };
		87147E5B1A859F6000AB4977 /* AppDelegate.m in Sources */ = {isa = PBXBuildFile; fileRef = 87147E5A1A859F6000AB4977 /* AppDelegate.m */; };
		87147E5E1A859F6000AB4977 /* PontoFacil.xcdatamodeld in Sources */ = {isa = PBXBuildFile; fileRef = 87147E5C1A859F6000AB4977 /* PontoFacil.xcdatamodeld */; };
		87147E641A859F6000AB4977 /* Main.storyboard in Resources */ = {isa = PBXBuildFile; fileRef = 87147E621A859F6000AB4977 /* Main.storyboard */; };
		87147E661A859F6000AB4977 /* Images.xcassets in Resources */ = {isa = PBXBuildFile; fileRef = 87147E651A859F6000AB4977 /* Images.xcassets */; };
		87147E751A859F6100AB4977 /* PontoFacilTests.m in Sources */ = {isa = PBXBuildFile; fileRef = 87147E741A859F6100AB4977 /* PontoFacilTests.m */; };
		87147E891A85A19A00AB4977 /* PersistentStack.m in Sources */ = {isa = PBXBuildFile; fileRef = 87147E861A85A19A00AB4977 /* PersistentStack.m */; };
		87147E8A1A85A19A00AB4977 /* Store.m in Sources */ = {isa = PBXBuildFile; fileRef = 87147E881A85A19A00AB4977 /* Store.m */; };
		87147E8F1A85A96E00AB4977 /* ClockViewController.m in Sources */ = {isa = PBXBuildFile; fileRef = 87147E8E1A85A96E00AB4977 /* ClockViewController.m */; };
		87147E911A86501000AB4977 /* CircularButtonView.xib in Resources */ = {isa = PBXBuildFile; fileRef = 87147E901A86501000AB4977 /* CircularButtonView.xib */; };
		87147E951A8652E800AB4977 /* CircularButtonView.m in Sources */ = {isa = PBXBuildFile; fileRef = 87147E941A8652E800AB4977 /* CircularButtonView.m */; };
		87624EA91AA35B5C00CE9FA5 /* Interval+Management.m in Sources */ = {isa = PBXBuildFile; fileRef = 87624EA81AA35B5C00CE9FA5 /* Interval+Management.m */; };
		87624EBB1AA37BE900CE9FA5 /* Absence.m in Sources */ = {isa = PBXBuildFile; fileRef = 87624EBA1AA37BE900CE9FA5 /* Absence.m */; };
		87624EBE1AA37BEA00CE9FA5 /* Event.m in Sources */ = {isa = PBXBuildFile; fileRef = 87624EBD1AA37BEA00CE9FA5 /* Event.m */; };
		87624EC11AA37BEA00CE9FA5 /* Holiday.m in Sources */ = {isa = PBXBuildFile; fileRef = 87624EC01AA37BEA00CE9FA5 /* Holiday.m */; };
		87624EC41AA37BEA00CE9FA5 /* Session.m in Sources */ = {isa = PBXBuildFile; fileRef = 87624EC31AA37BEA00CE9FA5 /* Session.m */; };
		87624EC71AA37BEA00CE9FA5 /* Interval.m in Sources */ = {isa = PBXBuildFile; fileRef = 87624EC61AA37BEA00CE9FA5 /* Interval.m */; };
		876398E71A8D88E00002118E /* Open Sans 800.ttf in Resources */ = {isa = PBXBuildFile; fileRef = 876398E51A8D888F0002118E /* Open Sans 800.ttf */; };
		876398E81A8D88E00002118E /* Open Sans regular.ttf in Resources */ = {isa = PBXBuildFile; fileRef = 876398E61A8D888F0002118E /* Open Sans regular.ttf */; };
		876398EC1A8D9B520002118E /* AcessoryCircularButtonView.xib in Resources */ = {isa = PBXBuildFile; fileRef = 876398EB1A8D9B520002118E /* AcessoryCircularButtonView.xib */; };
		876398EF1A8D9BA00002118E /* AcessoryCircularButtonView.m in Sources */ = {isa = PBXBuildFile; fileRef = 876398EE1A8D9BA00002118E /* AcessoryCircularButtonView.m */; };
		876398F41A911DA00002118E /* DateView.m in Sources */ = {isa = PBXBuildFile; fileRef = 876398F31A911DA00002118E /* DateView.m */; };
		877081CE1A922F5900541AB3 /* Session+Management.m in Sources */ = {isa = PBXBuildFile; fileRef = 877081CD1A922F5900541AB3 /* Session+Management.m */; };
		877081D11A923D2C00541AB3 /* Event+Management.m in Sources */ = {isa = PBXBuildFile; fileRef = 877081D01A923D2C00541AB3 /* Event+Management.m */; };
		877081D41A927A3D00541AB3 /* NSDate-Utilities.m in Sources */ = {isa = PBXBuildFile; fileRef = 877081D31A927A3D00541AB3 /* NSDate-Utilities.m */; };
		877081D81A92AE2700541AB3 /* ActionButton.m in Sources */ = {isa = PBXBuildFile; fileRef = 877081D71A92AE2700541AB3 /* ActionButton.m */; };
		879FA6F11A9D613600221AD1 /* CalendarView.xib in Resources */ = {isa = PBXBuildFile; fileRef = 879FA6F01A9D613600221AD1 /* CalendarView.xib */; };
		87BC41491A8706F80007768A /* CircleProgressView.m in Sources */ = {isa = PBXBuildFile; fileRef = 87BC41461A8706F80007768A /* CircleProgressView.m */; };
		87BC414A1A8706F80007768A /* CircleShapeLayer.m in Sources */ = {isa = PBXBuildFile; fileRef = 87BC41481A8706F80007768A /* CircleShapeLayer.m */; };
		87C6831F1A9EB5C500A2C101 /* ScheduleViewController.m in Sources */ = {isa = PBXBuildFile; fileRef = 87C6831E1A9EB5C500A2C101 /* ScheduleViewController.m */; };
		87C683221A9EBAD200A2C101 /* ScheduleCollectionViewCell.m in Sources */ = {isa = PBXBuildFile; fileRef = 87C683211A9EBAD200A2C101 /* ScheduleCollectionViewCell.m */; };
		87C683261AA1495200A2C101 /* EventListTableViewController.m in Sources */ = {isa = PBXBuildFile; fileRef = 87C683251AA1495200A2C101 /* EventListTableViewController.m */; };
		87C683291AA149AF00A2C101 /* EventTableViewCell.m in Sources */ = {isa = PBXBuildFile; fileRef = 87C683281AA149AF00A2C101 /* EventTableViewCell.m */; };
		87C6832B1AA15F2300A2C101 /* CoreData.framework in Frameworks */ = {isa = PBXBuildFile; fileRef = 87C6832A1AA15F2300A2C101 /* CoreData.framework */; };
/* End PBXBuildFile section */

/* Begin PBXContainerItemProxy section */
		87147E6F1A859F6100AB4977 /* PBXContainerItemProxy */ = {
			isa = PBXContainerItemProxy;
			containerPortal = 87147E4A1A859F6000AB4977 /* Project object */;
			proxyType = 1;
			remoteGlobalIDString = 87147E511A859F6000AB4977;
			remoteInfo = PontoFacil;
		};
/* End PBXContainerItemProxy section */

/* Begin PBXFileReference section */
		20DE4301FD08EBBF6C9DB4BF /* Pods-PontoFacil.debug.xcconfig */ = {isa = PBXFileReference; includeInIndex = 1; lastKnownFileType = text.xcconfig; name = "Pods-PontoFacil.debug.xcconfig"; path = "Pods/Target Support Files/Pods-PontoFacil/Pods-PontoFacil.debug.xcconfig"; sourceTree = "<group>"; };
		4A509C852DCA71143874690E /* Pods-PontoFacil.release.xcconfig */ = {isa = PBXFileReference; includeInIndex = 1; lastKnownFileType = text.xcconfig; name = "Pods-PontoFacil.release.xcconfig"; path = "Pods/Target Support Files/Pods-PontoFacil/Pods-PontoFacil.release.xcconfig"; sourceTree = "<group>"; };
		87147E521A859F6000AB4977 /* PontoFacil.app */ = {isa = PBXFileReference; explicitFileType = wrapper.application; includeInIndex = 0; path = PontoFacil.app; sourceTree = BUILT_PRODUCTS_DIR; };
		87147E561A859F6000AB4977 /* Info.plist */ = {isa = PBXFileReference; lastKnownFileType = text.plist.xml; path = Info.plist; sourceTree = "<group>"; };
		87147E571A859F6000AB4977 /* main.m */ = {isa = PBXFileReference; lastKnownFileType = sourcecode.c.objc; path = main.m; sourceTree = "<group>"; };
		87147E591A859F6000AB4977 /* AppDelegate.h */ = {isa = PBXFileReference; lastKnownFileType = sourcecode.c.h; path = AppDelegate.h; sourceTree = "<group>"; };
		87147E5A1A859F6000AB4977 /* AppDelegate.m */ = {isa = PBXFileReference; lastKnownFileType = sourcecode.c.objc; path = AppDelegate.m; sourceTree = "<group>"; };
		87147E5D1A859F6000AB4977 /* PontoFacil.xcdatamodel */ = {isa = PBXFileReference; lastKnownFileType = wrapper.xcdatamodel; path = PontoFacil.xcdatamodel; sourceTree = "<group>"; };
		87147E631A859F6000AB4977 /* Base */ = {isa = PBXFileReference; lastKnownFileType = file.storyboard; name = Base; path = Base.lproj/Main.storyboard; sourceTree = "<group>"; };
		87147E651A859F6000AB4977 /* Images.xcassets */ = {isa = PBXFileReference; lastKnownFileType = folder.assetcatalog; path = Images.xcassets; sourceTree = "<group>"; };
		87147E6E1A859F6100AB4977 /* PontoFacilTests.xctest */ = {isa = PBXFileReference; explicitFileType = wrapper.cfbundle; includeInIndex = 0; path = PontoFacilTests.xctest; sourceTree = BUILT_PRODUCTS_DIR; };
		87147E731A859F6100AB4977 /* Info.plist */ = {isa = PBXFileReference; lastKnownFileType = text.plist.xml; path = Info.plist; sourceTree = "<group>"; };
		87147E741A859F6100AB4977 /* PontoFacilTests.m */ = {isa = PBXFileReference; lastKnownFileType = sourcecode.c.objc; path = PontoFacilTests.m; sourceTree = "<group>"; };
		87147E851A85A19A00AB4977 /* PersistentStack.h */ = {isa = PBXFileReference; fileEncoding = 4; lastKnownFileType = sourcecode.c.h; path = PersistentStack.h; sourceTree = "<group>"; };
		87147E861A85A19A00AB4977 /* PersistentStack.m */ = {isa = PBXFileReference; fileEncoding = 4; lastKnownFileType = sourcecode.c.objc; path = PersistentStack.m; sourceTree = "<group>"; };
		87147E871A85A19A00AB4977 /* Store.h */ = {isa = PBXFileReference; fileEncoding = 4; lastKnownFileType = sourcecode.c.h; path = Store.h; sourceTree = "<group>"; };
		87147E881A85A19A00AB4977 /* Store.m */ = {isa = PBXFileReference; fileEncoding = 4; lastKnownFileType = sourcecode.c.objc; path = Store.m; sourceTree = "<group>"; };
		87147E8D1A85A96E00AB4977 /* ClockViewController.h */ = {isa = PBXFileReference; fileEncoding = 4; lastKnownFileType = sourcecode.c.h; path = ClockViewController.h; sourceTree = "<group>"; };
		87147E8E1A85A96E00AB4977 /* ClockViewController.m */ = {isa = PBXFileReference; fileEncoding = 4; lastKnownFileType = sourcecode.c.objc; path = ClockViewController.m; sourceTree = "<group>"; };
		87147E901A86501000AB4977 /* CircularButtonView.xib */ = {isa = PBXFileReference; fileEncoding = 4; lastKnownFileType = file.xib; path = CircularButtonView.xib; sourceTree = "<group>"; };
		87147E931A8652E800AB4977 /* CircularButtonView.h */ = {isa = PBXFileReference; fileEncoding = 4; lastKnownFileType = sourcecode.c.h; path = CircularButtonView.h; sourceTree = "<group>"; };
		87147E941A8652E800AB4977 /* CircularButtonView.m */ = {isa = PBXFileReference; fileEncoding = 4; lastKnownFileType = sourcecode.c.objc; path = CircularButtonView.m; sourceTree = "<group>"; };
		87297C4F1A870AD2004E9626 /* libPods-PontoFacil-CircularProgressControl.a */ = {isa = PBXFileReference; lastKnownFileType = archive.ar; name = "libPods-PontoFacil-CircularProgressControl.a"; path = "Pods/build/Debug-iphoneos/libPods-PontoFacil-CircularProgressControl.a"; sourceTree = "<group>"; };
		87297C501A870AD2004E9626 /* libPods-PontoFacil.a */ = {isa = PBXFileReference; lastKnownFileType = archive.ar; name = "libPods-PontoFacil.a"; path = "Pods/build/Debug-iphoneos/libPods-PontoFacil.a"; sourceTree = "<group>"; };
		87624EA71AA35B5C00CE9FA5 /* Interval+Management.h */ = {isa = PBXFileReference; fileEncoding = 4; lastKnownFileType = sourcecode.c.h; path = "Interval+Management.h"; sourceTree = "<group>"; };
		87624EA81AA35B5C00CE9FA5 /* Interval+Management.m */ = {isa = PBXFileReference; fileEncoding = 4; lastKnownFileType = sourcecode.c.objc; path = "Interval+Management.m"; sourceTree = "<group>"; };
		87624EB91AA37BE900CE9FA5 /* Absence.h */ = {isa = PBXFileReference; fileEncoding = 4; lastKnownFileType = sourcecode.c.h; path = Absence.h; sourceTree = "<group>"; };
		87624EBA1AA37BE900CE9FA5 /* Absence.m */ = {isa = PBXFileReference; fileEncoding = 4; lastKnownFileType = sourcecode.c.objc; path = Absence.m; sourceTree = "<group>"; };
		87624EBC1AA37BEA00CE9FA5 /* Event.h */ = {isa = PBXFileReference; fileEncoding = 4; lastKnownFileType = sourcecode.c.h; path = Event.h; sourceTree = "<group>"; };
		87624EBD1AA37BEA00CE9FA5 /* Event.m */ = {isa = PBXFileReference; fileEncoding = 4; lastKnownFileType = sourcecode.c.objc; path = Event.m; sourceTree = "<group>"; };
		87624EBF1AA37BEA00CE9FA5 /* Holiday.h */ = {isa = PBXFileReference; fileEncoding = 4; lastKnownFileType = sourcecode.c.h; path = Holiday.h; sourceTree = "<group>"; };
		87624EC01AA37BEA00CE9FA5 /* Holiday.m */ = {isa = PBXFileReference; fileEncoding = 4; lastKnownFileType = sourcecode.c.objc; path = Holiday.m; sourceTree = "<group>"; };
		87624EC21AA37BEA00CE9FA5 /* Session.h */ = {isa = PBXFileReference; fileEncoding = 4; lastKnownFileType = sourcecode.c.h; path = Session.h; sourceTree = "<group>"; };
		87624EC31AA37BEA00CE9FA5 /* Session.m */ = {isa = PBXFileReference; fileEncoding = 4; lastKnownFileType = sourcecode.c.objc; path = Session.m; sourceTree = "<group>"; };
		87624EC51AA37BEA00CE9FA5 /* Interval.h */ = {isa = PBXFileReference; fileEncoding = 4; lastKnownFileType = sourcecode.c.h; path = Interval.h; sourceTree = "<group>"; };
		87624EC61AA37BEA00CE9FA5 /* Interval.m */ = {isa = PBXFileReference; fileEncoding = 4; lastKnownFileType = sourcecode.c.objc; path = Interval.m; sourceTree = "<group>"; };
		876398E51A8D888F0002118E /* Open Sans 800.ttf */ = {isa = PBXFileReference; lastKnownFileType = file; path = "Open Sans 800.ttf"; sourceTree = "<group>"; };
		876398E61A8D888F0002118E /* Open Sans regular.ttf */ = {isa = PBXFileReference; lastKnownFileType = file; path = "Open Sans regular.ttf"; sourceTree = "<group>"; };
		876398EB1A8D9B520002118E /* AcessoryCircularButtonView.xib */ = {isa = PBXFileReference; fileEncoding = 4; lastKnownFileType = file.xib; path = AcessoryCircularButtonView.xib; sourceTree = "<group>"; };
		876398ED1A8D9BA00002118E /* AcessoryCircularButtonView.h */ = {isa = PBXFileReference; fileEncoding = 4; lastKnownFileType = sourcecode.c.h; path = AcessoryCircularButtonView.h; sourceTree = "<group>"; };
		876398EE1A8D9BA00002118E /* AcessoryCircularButtonView.m */ = {isa = PBXFileReference; fileEncoding = 4; lastKnownFileType = sourcecode.c.objc; path = AcessoryCircularButtonView.m; sourceTree = "<group>"; };
		876398F21A911DA00002118E /* DateView.h */ = {isa = PBXFileReference; fileEncoding = 4; lastKnownFileType = sourcecode.c.h; path = DateView.h; sourceTree = "<group>"; };
		876398F31A911DA00002118E /* DateView.m */ = {isa = PBXFileReference; fileEncoding = 4; lastKnownFileType = sourcecode.c.objc; path = DateView.m; sourceTree = "<group>"; };
		877081CC1A922F5900541AB3 /* Session+Management.h */ = {isa = PBXFileReference; fileEncoding = 4; lastKnownFileType = sourcecode.c.h; path = "Session+Management.h"; sourceTree = "<group>"; };
		877081CD1A922F5900541AB3 /* Session+Management.m */ = {isa = PBXFileReference; fileEncoding = 4; lastKnownFileType = sourcecode.c.objc; path = "Session+Management.m"; sourceTree = "<group>"; };
		877081CF1A923D2C00541AB3 /* Event+Management.h */ = {isa = PBXFileReference; fileEncoding = 4; lastKnownFileType = sourcecode.c.h; path = "Event+Management.h"; sourceTree = "<group>"; };
		877081D01A923D2C00541AB3 /* Event+Management.m */ = {isa = PBXFileReference; fileEncoding = 4; lastKnownFileType = sourcecode.c.objc; path = "Event+Management.m"; sourceTree = "<group>"; };
		877081D21A927A3D00541AB3 /* NSDate-Utilities.h */ = {isa = PBXFileReference; fileEncoding = 4; lastKnownFileType = sourcecode.c.h; path = "NSDate-Utilities.h"; sourceTree = "<group>"; };
		877081D31A927A3D00541AB3 /* NSDate-Utilities.m */ = {isa = PBXFileReference; fileEncoding = 4; lastKnownFileType = sourcecode.c.objc; path = "NSDate-Utilities.m"; sourceTree = "<group>"; };
		877081D61A92AE2700541AB3 /* ActionButton.h */ = {isa = PBXFileReference; fileEncoding = 4; lastKnownFileType = sourcecode.c.h; path = ActionButton.h; sourceTree = "<group>"; };
		877081D71A92AE2700541AB3 /* ActionButton.m */ = {isa = PBXFileReference; fileEncoding = 4; lastKnownFileType = sourcecode.c.objc; path = ActionButton.m; sourceTree = "<group>"; };
		879FA6F01A9D613600221AD1 /* CalendarView.xib */ = {isa = PBXFileReference; fileEncoding = 4; lastKnownFileType = file.xib; path = CalendarView.xib; sourceTree = "<group>"; };
		87BC41451A8706F80007768A /* CircleProgressView.h */ = {isa = PBXFileReference; fileEncoding = 4; lastKnownFileType = sourcecode.c.h; path = CircleProgressView.h; sourceTree = "<group>"; };
		87BC41461A8706F80007768A /* CircleProgressView.m */ = {isa = PBXFileReference; fileEncoding = 4; lastKnownFileType = sourcecode.c.objc; path = CircleProgressView.m; sourceTree = "<group>"; };
		87BC41471A8706F80007768A /* CircleShapeLayer.h */ = {isa = PBXFileReference; fileEncoding = 4; lastKnownFileType = sourcecode.c.h; path = CircleShapeLayer.h; sourceTree = "<group>"; };
		87BC41481A8706F80007768A /* CircleShapeLayer.m */ = {isa = PBXFileReference; fileEncoding = 4; lastKnownFileType = sourcecode.c.objc; path = CircleShapeLayer.m; sourceTree = "<group>"; };
		87C6831D1A9EB5C500A2C101 /* ScheduleViewController.h */ = {isa = PBXFileReference; fileEncoding = 4; lastKnownFileType = sourcecode.c.h; path = ScheduleViewController.h; sourceTree = "<group>"; };
		87C6831E1A9EB5C500A2C101 /* ScheduleViewController.m */ = {isa = PBXFileReference; fileEncoding = 4; lastKnownFileType = sourcecode.c.objc; path = ScheduleViewController.m; sourceTree = "<group>"; };
		87C683201A9EBAD200A2C101 /* ScheduleCollectionViewCell.h */ = {isa = PBXFileReference; fileEncoding = 4; lastKnownFileType = sourcecode.c.h; path = ScheduleCollectionViewCell.h; sourceTree = "<group>"; };
		87C683211A9EBAD200A2C101 /* ScheduleCollectionViewCell.m */ = {isa = PBXFileReference; fileEncoding = 4; lastKnownFileType = sourcecode.c.objc; path = ScheduleCollectionViewCell.m; sourceTree = "<group>"; };
		87C683241AA1495200A2C101 /* EventListTableViewController.h */ = {isa = PBXFileReference; fileEncoding = 4; lastKnownFileType = sourcecode.c.h; path = EventListTableViewController.h; sourceTree = "<group>"; };
		87C683251AA1495200A2C101 /* EventListTableViewController.m */ = {isa = PBXFileReference; fileEncoding = 4; lastKnownFileType = sourcecode.c.objc; path = EventListTableViewController.m; sourceTree = "<group>"; };
		87C683271AA149AF00A2C101 /* EventTableViewCell.h */ = {isa = PBXFileReference; fileEncoding = 4; lastKnownFileType = sourcecode.c.h; path = EventTableViewCell.h; sourceTree = "<group>"; };
		87C683281AA149AF00A2C101 /* EventTableViewCell.m */ = {isa = PBXFileReference; fileEncoding = 4; lastKnownFileType = sourcecode.c.objc; path = EventTableViewCell.m; sourceTree = "<group>"; };
		87C6832A1AA15F2300A2C101 /* CoreData.framework */ = {isa = PBXFileReference; lastKnownFileType = wrapper.framework; name = CoreData.framework; path = System/Library/Frameworks/CoreData.framework; sourceTree = SDKROOT; };
/* End PBXFileReference section */

/* Begin PBXFrameworksBuildPhase section */
		87147E4F1A859F6000AB4977 /* Frameworks */ = {
			isa = PBXFrameworksBuildPhase;
			buildActionMask = 2147483647;
			files = (
				87C6832B1AA15F2300A2C101 /* CoreData.framework in Frameworks */,
			);
			runOnlyForDeploymentPostprocessing = 0;
		};
		87147E6B1A859F6100AB4977 /* Frameworks */ = {
			isa = PBXFrameworksBuildPhase;
			buildActionMask = 2147483647;
			files = (
			);
			runOnlyForDeploymentPostprocessing = 0;
		};
/* End PBXFrameworksBuildPhase section */

/* Begin PBXGroup section */
		2A49D782D2A1205A55AD0438 /* Pods */ = {
			isa = PBXGroup;
			children = (
				20DE4301FD08EBBF6C9DB4BF /* Pods-PontoFacil.debug.xcconfig */,
				4A509C852DCA71143874690E /* Pods-PontoFacil.release.xcconfig */,
			);
			name = Pods;
			sourceTree = "<group>";
		};
		6D9F0AE42298DF2C8CFB43E1 /* Frameworks */ = {
			isa = PBXGroup;
			children = (
				87C6832A1AA15F2300A2C101 /* CoreData.framework */,
				87297C4F1A870AD2004E9626 /* libPods-PontoFacil-CircularProgressControl.a */,
				87297C501A870AD2004E9626 /* libPods-PontoFacil.a */,
			);
			name = Frameworks;
			sourceTree = "<group>";
		};
		87147E491A859F6000AB4977 = {
			isa = PBXGroup;
			children = (
				87147E541A859F6000AB4977 /* PontoFacil */,
				87147E711A859F6100AB4977 /* PontoFacilTests */,
				87147E531A859F6000AB4977 /* Products */,
				2A49D782D2A1205A55AD0438 /* Pods */,
				6D9F0AE42298DF2C8CFB43E1 /* Frameworks */,
			);
			sourceTree = "<group>";
		};
		87147E531A859F6000AB4977 /* Products */ = {
			isa = PBXGroup;
			children = (
				87147E521A859F6000AB4977 /* PontoFacil.app */,
				87147E6E1A859F6100AB4977 /* PontoFacilTests.xctest */,
			);
			name = Products;
			sourceTree = "<group>";
		};
		87147E541A859F6000AB4977 /* PontoFacil */ = {
			isa = PBXGroup;
			children = (
				87147E7E1A859F8800AB4977 /* Model */,
				87147E7F1A859F9000AB4977 /* View */,
				87147E801A859F9800AB4977 /* Controller */,
				87147E821A85A01C00AB4977 /* Helper */,
				87147E831A85A02100AB4977 /* Resources */,
				87147E551A859F6000AB4977 /* Supporting Files */,
			);
			path = PontoFacil;
			sourceTree = "<group>";
		};
		87147E551A859F6000AB4977 /* Supporting Files */ = {
			isa = PBXGroup;
			children = (
				87147E621A859F6000AB4977 /* Main.storyboard */,
				87147E561A859F6000AB4977 /* Info.plist */,
				87147E571A859F6000AB4977 /* main.m */,
			);
			name = "Supporting Files";
			sourceTree = "<group>";
		};
		87147E711A859F6100AB4977 /* PontoFacilTests */ = {
			isa = PBXGroup;
			children = (
				87147E741A859F6100AB4977 /* PontoFacilTests.m */,
				87147E721A859F6100AB4977 /* Supporting Files */,
			);
			path = PontoFacilTests;
			sourceTree = "<group>";
		};
		87147E721A859F6100AB4977 /* Supporting Files */ = {
			isa = PBXGroup;
			children = (
				87147E731A859F6100AB4977 /* Info.plist */,
			);
			name = "Supporting Files";
			sourceTree = "<group>";
		};
		87147E7E1A859F8800AB4977 /* Model */ = {
			isa = PBXGroup;
			children = (
				87147E8B1A85A2F600AB4977 /* Managed Objects */,
				87147E5C1A859F6000AB4977 /* PontoFacil.xcdatamodeld */,
				87147E851A85A19A00AB4977 /* PersistentStack.h */,
				87147E861A85A19A00AB4977 /* PersistentStack.m */,
				87147E871A85A19A00AB4977 /* Store.h */,
				87147E881A85A19A00AB4977 /* Store.m */,
				877081CC1A922F5900541AB3 /* Session+Management.h */,
				877081CD1A922F5900541AB3 /* Session+Management.m */,
				877081CF1A923D2C00541AB3 /* Event+Management.h */,
				877081D01A923D2C00541AB3 /* Event+Management.m */,
				87624EA71AA35B5C00CE9FA5 /* Interval+Management.h */,
				87624EA81AA35B5C00CE9FA5 /* Interval+Management.m */,
			);
			name = Model;
			sourceTree = "<group>";
		};
		87147E7F1A859F9000AB4977 /* View */ = {
			isa = PBXGroup;
			children = (
				879FA6EF1A9D60FE00221AD1 /* CalendarView */,
				87147E921A8652C700AB4977 /* _CircularButton */,
				876398EA1A8D922E0002118E /* _AcessoryCircularButton */,
				877081D51A92ADFD00541AB3 /* ActionButton */,
				87BC41441A8706A00007768A /* Clock */,
				876398F01A911A790002118E /* Date */,
				876398F11A911A920002118E /* Events */,
			);
			name = View;
			sourceTree = "<group>";
		};
		87147E801A859F9800AB4977 /* Controller */ = {
			isa = PBXGroup;
			children = (
				87C683231A9FE88900A2C101 /* EventList */,
				87297C531A883B6A004E9626 /* Schedule */,
				87147E8C1A85A39000AB4977 /* Clock */,
				87147E841A85A05000AB4977 /* AppDelegate */,
			);
			name = Controller;
			sourceTree = "<group>";
		};
		87147E821A85A01C00AB4977 /* Helper */ = {
			isa = PBXGroup;
			children = (
				877081D21A927A3D00541AB3 /* NSDate-Utilities.h */,
				877081D31A927A3D00541AB3 /* NSDate-Utilities.m */,
			);
			name = Helper;
			sourceTree = "<group>";
		};
		87147E831A85A02100AB4977 /* Resources */ = {
			isa = PBXGroup;
			children = (
				876398E51A8D888F0002118E /* Open Sans 800.ttf */,
				876398E61A8D888F0002118E /* Open Sans regular.ttf */,
				87147E651A859F6000AB4977 /* Images.xcassets */,
			);
			name = Resources;
			sourceTree = "<group>";
		};
		87147E841A85A05000AB4977 /* AppDelegate */ = {
			isa = PBXGroup;
			children = (
				87147E591A859F6000AB4977 /* AppDelegate.h */,
				87147E5A1A859F6000AB4977 /* AppDelegate.m */,
			);
			name = AppDelegate;
			sourceTree = "<group>";
		};
		87147E8B1A85A2F600AB4977 /* Managed Objects */ = {
			isa = PBXGroup;
			children = (
				87624EC51AA37BEA00CE9FA5 /* Interval.h */,
				87624EC61AA37BEA00CE9FA5 /* Interval.m */,
				87624EC21AA37BEA00CE9FA5 /* Session.h */,
				87624EC31AA37BEA00CE9FA5 /* Session.m */,
				87624EBF1AA37BEA00CE9FA5 /* Holiday.h */,
				87624EC01AA37BEA00CE9FA5 /* Holiday.m */,
				87624EBC1AA37BEA00CE9FA5 /* Event.h */,
				87624EBD1AA37BEA00CE9FA5 /* Event.m */,
				87624EB91AA37BE900CE9FA5 /* Absence.h */,
				87624EBA1AA37BE900CE9FA5 /* Absence.m */,
			);
			name = "Managed Objects";
			sourceTree = "<group>";
		};
		87147E8C1A85A39000AB4977 /* Clock */ = {
			isa = PBXGroup;
			children = (
				87147E8D1A85A96E00AB4977 /* ClockViewController.h */,
				87147E8E1A85A96E00AB4977 /* ClockViewController.m */,
			);
			name = Clock;
			sourceTree = "<group>";
		};
		87147E921A8652C700AB4977 /* _CircularButton */ = {
			isa = PBXGroup;
			children = (
				87147E901A86501000AB4977 /* CircularButtonView.xib */,
				87147E931A8652E800AB4977 /* CircularButtonView.h */,
				87147E941A8652E800AB4977 /* CircularButtonView.m */,
			);
			name = _CircularButton;
			sourceTree = "<group>";
		};
		87297C531A883B6A004E9626 /* Schedule */ = {
			isa = PBXGroup;
			children = (
				87C6831D1A9EB5C500A2C101 /* ScheduleViewController.h */,
				87C6831E1A9EB5C500A2C101 /* ScheduleViewController.m */,
				87C683201A9EBAD200A2C101 /* ScheduleCollectionViewCell.h */,
				87C683211A9EBAD200A2C101 /* ScheduleCollectionViewCell.m */,
			);
			name = Schedule;
			sourceTree = "<group>";
		};
		876398EA1A8D922E0002118E /* _AcessoryCircularButton */ = {
			isa = PBXGroup;
			children = (
				876398EB1A8D9B520002118E /* AcessoryCircularButtonView.xib */,
				876398ED1A8D9BA00002118E /* AcessoryCircularButtonView.h */,
				876398EE1A8D9BA00002118E /* AcessoryCircularButtonView.m */,
			);
			name = _AcessoryCircularButton;
			sourceTree = "<group>";
		};
		876398F01A911A790002118E /* Date */ = {
			isa = PBXGroup;
			children = (
				876398F21A911DA00002118E /* DateView.h */,
				876398F31A911DA00002118E /* DateView.m */,
			);
			name = Date;
			sourceTree = "<group>";
		};
		876398F11A911A920002118E /* Events */ = {
			isa = PBXGroup;
			children = (
			);
			name = Events;
			sourceTree = "<group>";
		};
		877081D51A92ADFD00541AB3 /* ActionButton */ = {
			isa = PBXGroup;
			children = (
				877081D61A92AE2700541AB3 /* ActionButton.h */,
				877081D71A92AE2700541AB3 /* ActionButton.m */,
			);
			name = ActionButton;
			sourceTree = "<group>";
		};
		879FA6EF1A9D60FE00221AD1 /* CalendarView */ = {
			isa = PBXGroup;
			children = (
				879FA6F01A9D613600221AD1 /* CalendarView.xib */,
			);
			name = CalendarView;
			sourceTree = "<group>";
		};
		87BC41441A8706A00007768A /* Clock */ = {
			isa = PBXGroup;
			children = (
				87BC41451A8706F80007768A /* CircleProgressView.h */,
				87BC41461A8706F80007768A /* CircleProgressView.m */,
				87BC41471A8706F80007768A /* CircleShapeLayer.h */,
				87BC41481A8706F80007768A /* CircleShapeLayer.m */,
			);
			name = Clock;
			sourceTree = "<group>";
		};
		87C683231A9FE88900A2C101 /* EventList */ = {
			isa = PBXGroup;
			children = (
				87C683241AA1495200A2C101 /* EventListTableViewController.h */,
				87C683251AA1495200A2C101 /* EventListTableViewController.m */,
				87C683271AA149AF00A2C101 /* EventTableViewCell.h */,
				87C683281AA149AF00A2C101 /* EventTableViewCell.m */,
			);
			name = EventList;
			sourceTree = "<group>";
		};
/* End PBXGroup section */

/* Begin PBXNativeTarget section */
		87147E511A859F6000AB4977 /* PontoFacil */ = {
			isa = PBXNativeTarget;
			buildConfigurationList = 87147E781A859F6100AB4977 /* Build configuration list for PBXNativeTarget "PontoFacil" */;
			buildPhases = (
				87147E4E1A859F6000AB4977 /* Sources */,
				87147E4F1A859F6000AB4977 /* Frameworks */,
				87147E501A859F6000AB4977 /* Resources */,
			);
			buildRules = (
			);
			dependencies = (
			);
			name = PontoFacil;
			productName = PontoFacil;
			productReference = 87147E521A859F6000AB4977 /* PontoFacil.app */;
			productType = "com.apple.product-type.application";
		};
		87147E6D1A859F6100AB4977 /* PontoFacilTests */ = {
			isa = PBXNativeTarget;
			buildConfigurationList = 87147E7B1A859F6100AB4977 /* Build configuration list for PBXNativeTarget "PontoFacilTests" */;
			buildPhases = (
				87147E6A1A859F6100AB4977 /* Sources */,
				87147E6B1A859F6100AB4977 /* Frameworks */,
				87147E6C1A859F6100AB4977 /* Resources */,
			);
			buildRules = (
			);
			dependencies = (
				87147E701A859F6100AB4977 /* PBXTargetDependency */,
			);
			name = PontoFacilTests;
			productName = PontoFacilTests;
			productReference = 87147E6E1A859F6100AB4977 /* PontoFacilTests.xctest */;
			productType = "com.apple.product-type.bundle.unit-test";
		};
/* End PBXNativeTarget section */

/* Begin PBXProject section */
		87147E4A1A859F6000AB4977 /* Project object */ = {
			isa = PBXProject;
			attributes = {
				LastUpgradeCheck = 0610;
				ORGANIZATIONNAME = Mobistart;
				TargetAttributes = {
					87147E511A859F6000AB4977 = {
						CreatedOnToolsVersion = 6.1.1;
					};
					87147E6D1A859F6100AB4977 = {
						CreatedOnToolsVersion = 6.1.1;
						TestTargetID = 87147E511A859F6000AB4977;
					};
				};
			};
			buildConfigurationList = 87147E4D1A859F6000AB4977 /* Build configuration list for PBXProject "PontoFacil" */;
			compatibilityVersion = "Xcode 3.2";
			developmentRegion = English;
			hasScannedForEncodings = 0;
			knownRegions = (
				en,
				Base,
			);
			mainGroup = 87147E491A859F6000AB4977;
			productRefGroup = 87147E531A859F6000AB4977 /* Products */;
			projectDirPath = "";
			projectRoot = "";
			targets = (
				87147E511A859F6000AB4977 /* PontoFacil */,
				87147E6D1A859F6100AB4977 /* PontoFacilTests */,
			);
		};
/* End PBXProject section */

/* Begin PBXResourcesBuildPhase section */
		87147E501A859F6000AB4977 /* Resources */ = {
			isa = PBXResourcesBuildPhase;
			buildActionMask = 2147483647;
			files = (
				876398E71A8D88E00002118E /* Open Sans 800.ttf in Resources */,
				876398E81A8D88E00002118E /* Open Sans regular.ttf in Resources */,
				876398EC1A8D9B520002118E /* AcessoryCircularButtonView.xib in Resources */,
				87147E641A859F6000AB4977 /* Main.storyboard in Resources */,
				879FA6F11A9D613600221AD1 /* CalendarView.xib in Resources */,
				87147E661A859F6000AB4977 /* Images.xcassets in Resources */,
				87147E911A86501000AB4977 /* CircularButtonView.xib in Resources */,
			);
			runOnlyForDeploymentPostprocessing = 0;
		};
		87147E6C1A859F6100AB4977 /* Resources */ = {
			isa = PBXResourcesBuildPhase;
			buildActionMask = 2147483647;
			files = (
			);
			runOnlyForDeploymentPostprocessing = 0;
		};
/* End PBXResourcesBuildPhase section */

/* Begin PBXSourcesBuildPhase section */
		87147E4E1A859F6000AB4977 /* Sources */ = {
			isa = PBXSourcesBuildPhase;
			buildActionMask = 2147483647;
			files = (
				87624EBE1AA37BEA00CE9FA5 /* Event.m in Sources */,
				87624EBB1AA37BE900CE9FA5 /* Absence.m in Sources */,
				87147E5B1A859F6000AB4977 /* AppDelegate.m in Sources */,
				87C683261AA1495200A2C101 /* EventListTableViewController.m in Sources */,
				87BC41491A8706F80007768A /* CircleProgressView.m in Sources */,
				87BC414A1A8706F80007768A /* CircleShapeLayer.m in Sources */,
				877081D81A92AE2700541AB3 /* ActionButton.m in Sources */,
				87624EC71AA37BEA00CE9FA5 /* Interval.m in Sources */,
				87147E581A859F6000AB4977 /* main.m in Sources */,
				87624EC41AA37BEA00CE9FA5 /* Session.m in Sources */,
				87624EC11AA37BEA00CE9FA5 /* Holiday.m in Sources */,
				876398EF1A8D9BA00002118E /* AcessoryCircularButtonView.m in Sources */,
				87C6831F1A9EB5C500A2C101 /* ScheduleViewController.m in Sources */,
				877081D11A923D2C00541AB3 /* Event+Management.m in Sources */,
				87147E951A8652E800AB4977 /* CircularButtonView.m in Sources */,
				87147E5E1A859F6000AB4977 /* PontoFacil.xcdatamodeld in Sources */,
				877081CE1A922F5900541AB3 /* Session+Management.m in Sources */,
				87147E8F1A85A96E00AB4977 /* ClockViewController.m in Sources */,
				877081D41A927A3D00541AB3 /* NSDate-Utilities.m in Sources */,
				87C683291AA149AF00A2C101 /* EventTableViewCell.m in Sources */,
				87C683221A9EBAD200A2C101 /* ScheduleCollectionViewCell.m in Sources */,
				87624EA91AA35B5C00CE9FA5 /* Interval+Management.m in Sources */,
				87147E8A1A85A19A00AB4977 /* Store.m in Sources */,
				876398F41A911DA00002118E /* DateView.m in Sources */,
				87147E891A85A19A00AB4977 /* PersistentStack.m in Sources */,
			);
			runOnlyForDeploymentPostprocessing = 0;
		};
		87147E6A1A859F6100AB4977 /* Sources */ = {
			isa = PBXSourcesBuildPhase;
			buildActionMask = 2147483647;
			files = (
				87147E751A859F6100AB4977 /* PontoFacilTests.m in Sources */,
			);
			runOnlyForDeploymentPostprocessing = 0;
		};
/* End PBXSourcesBuildPhase section */

/* Begin PBXTargetDependency section */
		87147E701A859F6100AB4977 /* PBXTargetDependency */ = {
			isa = PBXTargetDependency;
			target = 87147E511A859F6000AB4977 /* PontoFacil */;
			targetProxy = 87147E6F1A859F6100AB4977 /* PBXContainerItemProxy */;
		};
/* End PBXTargetDependency section */

/* Begin PBXVariantGroup section */
		87147E621A859F6000AB4977 /* Main.storyboard */ = {
			isa = PBXVariantGroup;
			children = (
				87147E631A859F6000AB4977 /* Base */,
			);
			name = Main.storyboard;
			sourceTree = "<group>";
		};
/* End PBXVariantGroup section */

/* Begin XCBuildConfiguration section */
		87147E761A859F6100AB4977 /* Debug */ = {
			isa = XCBuildConfiguration;
			buildSettings = {
				ALWAYS_SEARCH_USER_PATHS = NO;
				CLANG_CXX_LANGUAGE_STANDARD = "gnu++0x";
				CLANG_CXX_LIBRARY = "libc++";
				CLANG_ENABLE_MODULES = YES;
				CLANG_ENABLE_OBJC_ARC = YES;
				CLANG_WARN_BOOL_CONVERSION = YES;
				CLANG_WARN_CONSTANT_CONVERSION = YES;
				CLANG_WARN_DIRECT_OBJC_ISA_USAGE = YES_ERROR;
				CLANG_WARN_EMPTY_BODY = YES;
				CLANG_WARN_ENUM_CONVERSION = YES;
				CLANG_WARN_INT_CONVERSION = YES;
				CLANG_WARN_OBJC_ROOT_CLASS = YES_ERROR;
				CLANG_WARN_UNREACHABLE_CODE = YES;
				CLANG_WARN__DUPLICATE_METHOD_MATCH = YES;
				"CODE_SIGN_IDENTITY[sdk=iphoneos*]" = "iPhone Developer";
				COPY_PHASE_STRIP = NO;
				ENABLE_STRICT_OBJC_MSGSEND = YES;
				GCC_C_LANGUAGE_STANDARD = gnu99;
				GCC_DYNAMIC_NO_PIC = NO;
				GCC_OPTIMIZATION_LEVEL = 0;
				GCC_PREPROCESSOR_DEFINITIONS = (
					"DEBUG=1",
					"$(inherited)",
				);
				GCC_SYMBOLS_PRIVATE_EXTERN = NO;
				GCC_WARN_64_TO_32_BIT_CONVERSION = YES;
				GCC_WARN_ABOUT_RETURN_TYPE = YES_ERROR;
				GCC_WARN_UNDECLARED_SELECTOR = YES;
				GCC_WARN_UNINITIALIZED_AUTOS = YES_AGGRESSIVE;
				GCC_WARN_UNUSED_FUNCTION = YES;
				GCC_WARN_UNUSED_VARIABLE = YES;
				IPHONEOS_DEPLOYMENT_TARGET = 7.1;
				MTL_ENABLE_DEBUG_INFO = YES;
				ONLY_ACTIVE_ARCH = YES;
				SDKROOT = iphoneos;
				TARGETED_DEVICE_FAMILY = "1,2";
			};
			name = Debug;
		};
		87147E771A859F6100AB4977 /* Release */ = {
			isa = XCBuildConfiguration;
			buildSettings = {
				ALWAYS_SEARCH_USER_PATHS = NO;
				CLANG_CXX_LANGUAGE_STANDARD = "gnu++0x";
				CLANG_CXX_LIBRARY = "libc++";
				CLANG_ENABLE_MODULES = YES;
				CLANG_ENABLE_OBJC_ARC = YES;
				CLANG_WARN_BOOL_CONVERSION = YES;
				CLANG_WARN_CONSTANT_CONVERSION = YES;
				CLANG_WARN_DIRECT_OBJC_ISA_USAGE = YES_ERROR;
				CLANG_WARN_EMPTY_BODY = YES;
				CLANG_WARN_ENUM_CONVERSION = YES;
				CLANG_WARN_INT_CONVERSION = YES;
				CLANG_WARN_OBJC_ROOT_CLASS = YES_ERROR;
				CLANG_WARN_UNREACHABLE_CODE = YES;
				CLANG_WARN__DUPLICATE_METHOD_MATCH = YES;
				"CODE_SIGN_IDENTITY[sdk=iphoneos*]" = "iPhone Developer";
				COPY_PHASE_STRIP = YES;
				ENABLE_NS_ASSERTIONS = NO;
				ENABLE_STRICT_OBJC_MSGSEND = YES;
				GCC_C_LANGUAGE_STANDARD = gnu99;
				GCC_WARN_64_TO_32_BIT_CONVERSION = YES;
				GCC_WARN_ABOUT_RETURN_TYPE = YES_ERROR;
				GCC_WARN_UNDECLARED_SELECTOR = YES;
				GCC_WARN_UNINITIALIZED_AUTOS = YES_AGGRESSIVE;
				GCC_WARN_UNUSED_FUNCTION = YES;
				GCC_WARN_UNUSED_VARIABLE = YES;
				IPHONEOS_DEPLOYMENT_TARGET = 7.1;
				MTL_ENABLE_DEBUG_INFO = NO;
				SDKROOT = iphoneos;
				TARGETED_DEVICE_FAMILY = "1,2";
				VALIDATE_PRODUCT = YES;
			};
			name = Release;
		};
		87147E791A859F6100AB4977 /* Debug */ = {
			isa = XCBuildConfiguration;
			buildSettings = {
				ASSETCATALOG_COMPILER_APPICON_NAME = AppIcon;
				INFOPLIST_FILE = PontoFacil/Info.plist;
				IPHONEOS_DEPLOYMENT_TARGET = 8.0;
				LD_RUNPATH_SEARCH_PATHS = "$(inherited) @executable_path/Frameworks";
				LIBRARY_SEARCH_PATHS = "$(inherited)";
				PRODUCT_NAME = "$(TARGET_NAME)";
			};
			name = Debug;
		};
		87147E7A1A859F6100AB4977 /* Release */ = {
			isa = XCBuildConfiguration;
			buildSettings = {
				ASSETCATALOG_COMPILER_APPICON_NAME = AppIcon;
				INFOPLIST_FILE = PontoFacil/Info.plist;
				IPHONEOS_DEPLOYMENT_TARGET = 8.0;
				LD_RUNPATH_SEARCH_PATHS = "$(inherited) @executable_path/Frameworks";
				LIBRARY_SEARCH_PATHS = "$(inherited)";
				PRODUCT_NAME = "$(TARGET_NAME)";
			};
			name = Release;
		};
		87147E7C1A859F6100AB4977 /* Debug */ = {
			isa = XCBuildConfiguration;
			buildSettings = {
				BUNDLE_LOADER = "$(TEST_HOST)";
				FRAMEWORK_SEARCH_PATHS = (
					"$(SDKROOT)/Developer/Library/Frameworks",
					"$(inherited)",
				);
				GCC_PREPROCESSOR_DEFINITIONS = (
					"DEBUG=1",
					"$(inherited)",
				);
				INFOPLIST_FILE = PontoFacilTests/Info.plist;
				LD_RUNPATH_SEARCH_PATHS = "$(inherited) @executable_path/Frameworks @loader_path/Frameworks";
				PRODUCT_NAME = "$(TARGET_NAME)";
				TEST_HOST = "$(BUILT_PRODUCTS_DIR)/PontoFacil.app/PontoFacil";
			};
			name = Debug;
		};
		87147E7D1A859F6100AB4977 /* Release */ = {
			isa = XCBuildConfiguration;
			buildSettings = {
				BUNDLE_LOADER = "$(TEST_HOST)";
				FRAMEWORK_SEARCH_PATHS = (
					"$(SDKROOT)/Developer/Library/Frameworks",
					"$(inherited)",
				);
				INFOPLIST_FILE = PontoFacilTests/Info.plist;
				LD_RUNPATH_SEARCH_PATHS = "$(inherited) @executable_path/Frameworks @loader_path/Frameworks";
				PRODUCT_NAME = "$(TARGET_NAME)";
				TEST_HOST = "$(BUILT_PRODUCTS_DIR)/PontoFacil.app/PontoFacil";
			};
			name = Release;
		};
/* End XCBuildConfiguration section */

/* Begin XCConfigurationList section */
		87147E4D1A859F6000AB4977 /* Build configuration list for PBXProject "PontoFacil" */ = {
			isa = XCConfigurationList;
			buildConfigurations = (
				87147E761A859F6100AB4977 /* Debug */,
				87147E771A859F6100AB4977 /* Release */,
			);
			defaultConfigurationIsVisible = 0;
			defaultConfigurationName = Release;
		};
		87147E781A859F6100AB4977 /* Build configuration list for PBXNativeTarget "PontoFacil" */ = {
			isa = XCConfigurationList;
			buildConfigurations = (
				87147E791A859F6100AB4977 /* Debug */,
				87147E7A1A859F6100AB4977 /* Release */,
			);
			defaultConfigurationIsVisible = 0;
			defaultConfigurationName = Release;
		};
		87147E7B1A859F6100AB4977 /* Build configuration list for PBXNativeTarget "PontoFacilTests" */ = {
			isa = XCConfigurationList;
			buildConfigurations = (
				87147E7C1A859F6100AB4977 /* Debug */,
				87147E7D1A859F6100AB4977 /* Release */,
			);
			defaultConfigurationIsVisible = 0;
			defaultConfigurationName = Release;
		};
/* End XCConfigurationList section */

/* Begin XCVersionGroup section */
		87147E5C1A859F6000AB4977 /* PontoFacil.xcdatamodeld */ = {
			isa = XCVersionGroup;
			children = (
				87147E5D1A859F6000AB4977 /* PontoFacil.xcdatamodel */,
			);
			currentVersion = 87147E5D1A859F6000AB4977 /* PontoFacil.xcdatamodel */;
			path = PontoFacil.xcdatamodeld;
			sourceTree = "<group>";
			versionGroupType = wrapper.xcdatamodel;
		};
/* End XCVersionGroup section */
	};
	rootObject = 87147E4A1A859F6000AB4977 /* Project object */;
}
